
Microsoft Visual Studio Solution File, Format Version 12.00
# Visual Studio Version 16
VisualStudioVersion = 16.0.33214.272
MinimumVisualStudioVersion = 10.0.40219.1
Project("{FAE04EC0-301F-11D3-BF4B-00C04F79EFBC}") = "Uppgift2", "Uppgift2.csproj", "{7ABCF1AD-15D9-424B-A8C3-643CBFAB018E}"
EndProject
Global
	GlobalSection(SolutionConfigurationPlatforms) = preSolution
		Debug|Any CPU = Debug|Any CPU
		Release|Any CPU = Release|Any CPU
	EndGlobalSection
	GlobalSection(ProjectConfigurationPlatforms) = postSolution
		{7ABCF1AD-15D9-424B-A8C3-643CBFAB018E}.Debug|Any CPU.ActiveCfg = Debug|Any CPU
		{7ABCF1AD-15D9-424B-A8C3-643CBFAB018E}.Debug|Any CPU.Build.0 = Debug|Any CPU
		{7ABCF1AD-15D9-424B-A8C3-643CBFAB018E}.Release|Any CPU.ActiveCfg = Release|Any CPU
		{7ABCF1AD-15D9-424B-A8C3-643CBFAB018E}.Release|Any CPU.Build.0 = Release|Any CPU
	EndGlobalSection
	GlobalSection(SolutionProperties) = preSolution
		HideSolutionNode = FALSE
	EndGlobalSection
	GlobalSection(ExtensibilityGlobals) = postSolution
		SolutionGuid = {79D5B26A-A892-4441-A2DA-B154101185C3}
	EndGlobalSection
EndGlobal
